
Microsoft Visual Studio Solution File, Format Version 12.00
Project("{2150E333-8FDC-42A3-9474-1A3956D46DE8}") = "src", "src", "{0D8383C3-FA79-46F3-86B6-C5867A632491}"
EndProject
Project("{FAE04EC0-301F-11D3-BF4B-00C04F79EFBC}") = "MPD.Core", "src\MPD.Core\MPD.Core.csproj", "{8AC0EA46-D682-4E39-9D2B-B7D10CF6089F}"
EndProject
Project("{FAE04EC0-301F-11D3-BF4B-00C04F79EFBC}") = "MPD.Auth", "src\MPD.Auth\MPD.Auth.csproj", "{B34CB372-056E-452D-A33A-EB99A8EB6139}"
EndProject
Project("{FAE04EC0-301F-11D3-BF4B-00C04F79EFBC}") = "MPD.WebUI", "src\MPD.WebUI\MPD.WebUI.csproj", "{FA9B6D1A-67B2-4628-85F5-60E150E6FFB8}"
EndProject
Project("{FAE04EC0-301F-11D3-BF4B-00C04F79EFBC}") = "MPD.Data", "src\MPD.Data\MPD.Data.csproj", "{C2CC54B0-2F3C-4C90-95CF-E3EC7969221C}"
EndProject
Project("{FAE04EC0-301F-11D3-BF4B-00C04F79EFBC}") = "MPD.Shared", "MPD.Shared\MPD.Shared.csproj", "{C283F801-2571-4C1D-BEBE-AC28EA003045}"
EndProject
Project("{FAE04EC0-301F-11D3-BF4B-00C04F79EFBC}") = "MPD.Services", "src\MPD.Services\MPD.Services.csproj", "{C1F61DBB-A9DE-4A36-B91F-48A2A9801427}"
EndProject
Global
	GlobalSection(SolutionConfigurationPlatforms) = preSolution
		Debug|Any CPU = Debug|Any CPU
		Release|Any CPU = Release|Any CPU
	EndGlobalSection
	GlobalSection(ProjectConfigurationPlatforms) = postSolution
		{8AC0EA46-D682-4E39-9D2B-B7D10CF6089F}.Debug|Any CPU.ActiveCfg = Debug|Any CPU
		{8AC0EA46-D682-4E39-9D2B-B7D10CF6089F}.Debug|Any CPU.Build.0 = Debug|Any CPU
		{8AC0EA46-D682-4E39-9D2B-B7D10CF6089F}.Release|Any CPU.ActiveCfg = Release|Any CPU
		{8AC0EA46-D682-4E39-9D2B-B7D10CF6089F}.Release|Any CPU.Build.0 = Release|Any CPU
		{B34CB372-056E-452D-A33A-EB99A8EB6139}.Debug|Any CPU.ActiveCfg = Debug|Any CPU
		{B34CB372-056E-452D-A33A-EB99A8EB6139}.Debug|Any CPU.Build.0 = Debug|Any CPU
		{B34CB372-056E-452D-A33A-EB99A8EB6139}.Release|Any CPU.ActiveCfg = Release|Any CPU
		{B34CB372-056E-452D-A33A-EB99A8EB6139}.Release|Any CPU.Build.0 = Release|Any CPU
		{FA9B6D1A-67B2-4628-85F5-60E150E6FFB8}.Debug|Any CPU.ActiveCfg = Debug|Any CPU
		{FA9B6D1A-67B2-4628-85F5-60E150E6FFB8}.Debug|Any CPU.Build.0 = Debug|Any CPU
		{FA9B6D1A-67B2-4628-85F5-60E150E6FFB8}.Release|Any CPU.ActiveCfg = Release|Any CPU
		{FA9B6D1A-67B2-4628-85F5-60E150E6FFB8}.Release|Any CPU.Build.0 = Release|Any CPU
		{C2CC54B0-2F3C-4C90-95CF-E3EC7969221C}.Debug|Any CPU.ActiveCfg = Debug|Any CPU
		{C2CC54B0-2F3C-4C90-95CF-E3EC7969221C}.Debug|Any CPU.Build.0 = Debug|Any CPU
		{C2CC54B0-2F3C-4C90-95CF-E3EC7969221C}.Release|Any CPU.ActiveCfg = Release|Any CPU
		{C2CC54B0-2F3C-4C90-95CF-E3EC7969221C}.Release|Any CPU.Build.0 = Release|Any CPU
		{C283F801-2571-4C1D-BEBE-AC28EA003045}.Debug|Any CPU.ActiveCfg = Debug|Any CPU
		{C283F801-2571-4C1D-BEBE-AC28EA003045}.Debug|Any CPU.Build.0 = Debug|Any CPU
		{C283F801-2571-4C1D-BEBE-AC28EA003045}.Release|Any CPU.ActiveCfg = Release|Any CPU
		{C283F801-2571-4C1D-BEBE-AC28EA003045}.Release|Any CPU.Build.0 = Release|Any CPU
		{C1F61DBB-A9DE-4A36-B91F-48A2A9801427}.Debug|Any CPU.ActiveCfg = Debug|Any CPU
		{C1F61DBB-A9DE-4A36-B91F-48A2A9801427}.Debug|Any CPU.Build.0 = Debug|Any CPU
		{C1F61DBB-A9DE-4A36-B91F-48A2A9801427}.Release|Any CPU.ActiveCfg = Release|Any CPU
		{C1F61DBB-A9DE-4A36-B91F-48A2A9801427}.Release|Any CPU.Build.0 = Release|Any CPU
	EndGlobalSection
	GlobalSection(NestedProjects) = preSolution
		{8AC0EA46-D682-4E39-9D2B-B7D10CF6089F} = {0D8383C3-FA79-46F3-86B6-C5867A632491}
		{B34CB372-056E-452D-A33A-EB99A8EB6139} = {0D8383C3-FA79-46F3-86B6-C5867A632491}
		{FA9B6D1A-67B2-4628-85F5-60E150E6FFB8} = {0D8383C3-FA79-46F3-86B6-C5867A632491}
		{C2CC54B0-2F3C-4C90-95CF-E3EC7969221C} = {0D8383C3-FA79-46F3-86B6-C5867A632491}
		{C283F801-2571-4C1D-BEBE-AC28EA003045} = {0D8383C3-FA79-46F3-86B6-C5867A632491}
		{C1F61DBB-A9DE-4A36-B91F-48A2A9801427} = {0D8383C3-FA79-46F3-86B6-C5867A632491}
	EndGlobalSection
EndGlobal
